
Microsoft Visual Studio Solution File, Format Version 12.00
# Visual Studio 15
VisualStudioVersion = 15.0.28010.2026
MinimumVisualStudioVersion = 10.0.40219.1
Project("{FAE04EC0-301F-11D3-BF4B-00C04F79EFBC}") = "strings", "strings\strings.csproj", "{98C72766-F91F-48C4-967B-DAE363ADBF06}"
EndProject
Global
	GlobalSection(SolutionConfigurationPlatforms) = preSolution
		Debug|Any CPU = Debug|Any CPU
		Release|Any CPU = Release|Any CPU
	EndGlobalSection
	GlobalSection(ProjectConfigurationPlatforms) = postSolution
		{98C72766-F91F-48C4-967B-DAE363ADBF06}.Debug|Any CPU.ActiveCfg = Debug|Any CPU
		{98C72766-F91F-48C4-967B-DAE363ADBF06}.Debug|Any CPU.Build.0 = Debug|Any CPU
		{98C72766-F91F-48C4-967B-DAE363ADBF06}.Release|Any CPU.ActiveCfg = Release|Any CPU
		{98C72766-F91F-48C4-967B-DAE363ADBF06}.Release|Any CPU.Build.0 = Release|Any CPU
	EndGlobalSection
	GlobalSection(SolutionProperties) = preSolution
		HideSolutionNode = FALSE
	EndGlobalSection
	GlobalSection(ExtensibilityGlobals) = postSolution
		SolutionGuid = {F9144D84-EBAC-4B19-ACCE-1538BD00A714}
	EndGlobalSection
EndGlobal
